
Microsoft Visual Studio Solution File, Format Version 12.00
# Visual Studio Version 17
VisualStudioVersion = 17.7.34009.444
MinimumVisualStudioVersion = 10.0.40219.1
Project("{2150E333-8FDC-42A3-9474-1A3956D46DE8}") = "Core", "Core", "{B4E503FC-ADD2-46B5-AE12-C1A40FFFB608}"
EndProject
Project("{2150E333-8FDC-42A3-9474-1A3956D46DE8}") = "Infrastructure", "Infrastructure", "{AD33AEA3-1062-459C-BB74-B337BE50A55C}"
EndProject
Project("{2150E333-8FDC-42A3-9474-1A3956D46DE8}") = "Presentation", "Presentation", "{509723C3-3384-4787-BC31-5DF5F29C185F}"
EndProject
Project("{2150E333-8FDC-42A3-9474-1A3956D46DE8}") = "Tests", "Tests", "{95CCF411-2A56-4F89-8142-0F63737EA5D0}"
EndProject
Project("{FAE04EC0-301F-11D3-BF4B-00C04F79EFBC}") = "Notes.Domain", "Notes.Domain\Notes.Domain.csproj", "{AEBB45AE-1AB7-41E3-8A4D-52A1E159F916}"
EndProject
Project("{FAE04EC0-301F-11D3-BF4B-00C04F79EFBC}") = "Notes.Application", "Notes.Application\Notes.Application.csproj", "{C75E42F6-D1F3-472F-9B79-09FA095C10E3}"
EndProject
Project("{FAE04EC0-301F-11D3-BF4B-00C04F79EFBC}") = "Notes.Persistance", "Notes.Persistance\Notes.Persistance.csproj", "{CE26D644-83F4-46F5-AC0E-93BB5808A12E}"
EndProject
Project("{FAE04EC0-301F-11D3-BF4B-00C04F79EFBC}") = "Notes.WebAPI", "Notes.WebAPI\Notes.WebAPI.csproj", "{0C18FBDF-7194-44A6-ADB5-259CD71963B5}"
EndProject
Global
	GlobalSection(SolutionConfigurationPlatforms) = preSolution
		Debug|Any CPU = Debug|Any CPU
		Release|Any CPU = Release|Any CPU
	EndGlobalSection
	GlobalSection(ProjectConfigurationPlatforms) = postSolution
		{AEBB45AE-1AB7-41E3-8A4D-52A1E159F916}.Debug|Any CPU.ActiveCfg = Debug|Any CPU
		{AEBB45AE-1AB7-41E3-8A4D-52A1E159F916}.Debug|Any CPU.Build.0 = Debug|Any CPU
		{AEBB45AE-1AB7-41E3-8A4D-52A1E159F916}.Release|Any CPU.ActiveCfg = Release|Any CPU
		{AEBB45AE-1AB7-41E3-8A4D-52A1E159F916}.Release|Any CPU.Build.0 = Release|Any CPU
		{C75E42F6-D1F3-472F-9B79-09FA095C10E3}.Debug|Any CPU.ActiveCfg = Debug|Any CPU
		{C75E42F6-D1F3-472F-9B79-09FA095C10E3}.Debug|Any CPU.Build.0 = Debug|Any CPU
		{C75E42F6-D1F3-472F-9B79-09FA095C10E3}.Release|Any CPU.ActiveCfg = Release|Any CPU
		{C75E42F6-D1F3-472F-9B79-09FA095C10E3}.Release|Any CPU.Build.0 = Release|Any CPU
		{CE26D644-83F4-46F5-AC0E-93BB5808A12E}.Debug|Any CPU.ActiveCfg = Debug|Any CPU
		{CE26D644-83F4-46F5-AC0E-93BB5808A12E}.Debug|Any CPU.Build.0 = Debug|Any CPU
		{CE26D644-83F4-46F5-AC0E-93BB5808A12E}.Release|Any CPU.ActiveCfg = Release|Any CPU
		{CE26D644-83F4-46F5-AC0E-93BB5808A12E}.Release|Any CPU.Build.0 = Release|Any CPU
		{0C18FBDF-7194-44A6-ADB5-259CD71963B5}.Debug|Any CPU.ActiveCfg = Debug|Any CPU
		{0C18FBDF-7194-44A6-ADB5-259CD71963B5}.Debug|Any CPU.Build.0 = Debug|Any CPU
		{0C18FBDF-7194-44A6-ADB5-259CD71963B5}.Release|Any CPU.ActiveCfg = Release|Any CPU
		{0C18FBDF-7194-44A6-ADB5-259CD71963B5}.Release|Any CPU.Build.0 = Release|Any CPU
	EndGlobalSection
	GlobalSection(SolutionProperties) = preSolution
		HideSolutionNode = FALSE
	EndGlobalSection
	GlobalSection(NestedProjects) = preSolution
		{AEBB45AE-1AB7-41E3-8A4D-52A1E159F916} = {B4E503FC-ADD2-46B5-AE12-C1A40FFFB608}
		{C75E42F6-D1F3-472F-9B79-09FA095C10E3} = {B4E503FC-ADD2-46B5-AE12-C1A40FFFB608}
		{CE26D644-83F4-46F5-AC0E-93BB5808A12E} = {AD33AEA3-1062-459C-BB74-B337BE50A55C}
		{0C18FBDF-7194-44A6-ADB5-259CD71963B5} = {509723C3-3384-4787-BC31-5DF5F29C185F}
	EndGlobalSection
	GlobalSection(ExtensibilityGlobals) = postSolution
		SolutionGuid = {DF51F111-AA57-4D4B-B157-7EB7B0B756EC}
	EndGlobalSection
EndGlobal
